PODS:
  - KIF (3.7.8):
    - KIF/Core (= 3.7.8)
  - KIF/Core (3.7.8)
  - Nimble (8.0.4)
  - SDWebImage (5.5.2):
    - SDWebImage/Core (= 5.5.2)
  - SDWebImage/Core (5.5.2)
  - SDWebImageSwiftUI (1.0.0-beta2):
    - SDWebImage (~> 5.3)

DEPENDENCIES:
  - KIF
  - Nimble
  - SDWebImage (~> 5.3)
  - SDWebImageSwiftUI (= 1.0.0-beta2)

SPEC REPOS:
  trunk:
    - KIF
    - Nimble
    - SDWebImage
    - SDWebImageSwiftUI

SPEC CHECKSUMS:
  KIF: 52e1af1a78cf6fe4ec6777b14776f3dd2eccc32e
  Nimble: 18d5360282923225d62b09d781f63abc1a0111fc
  SDWebImage: 4d5c027c935438f341ed33dbac53ff9f479922ca
  SDWebImageSwiftUI: 82d3dc7a739d856ac62536e9052eee592b725e64

PODFILE CHECKSUM: 82c011bb04bbf30e14d0abf4b3b35d062eb99783

COCOAPODS: 1.8.4
